# THIS IS AN AUTOGENERATED FILE. DO NOT EDIT THIS FILE DIRECTLY.
# yarn lockfile v1


"@jsonresume/schema@^1.0.0":
  version "1.2.1"
  resolved "https://registry.yarnpkg.com/@jsonresume/schema/-/schema-1.2.1.tgz#256256bfb21bdbfe11757b8c5a040d4a66d0de8c"
  integrity sha512-kcst3WFNz+ACZnazWSHgI8hiooSuBH/j+TdduJ6LqMEoE+Kni1wDbrINkAzTR72D+gc1GEG4I/HRTqoa5dMJiA==
  dependencies:
    jsonschema "^1.4.1"

"@rbardini/html@^1.0.0":
  version "1.0.1"
  resolved "https://registry.yarnpkg.com/@rbardini/html/-/html-1.0.1.tgz#e32bf603ad8a97e24d65ad3f421860d416b2766a"
  integrity sha512-sVnvDG2ujW5R0mfubZDCnxnxHSsM1kS4ExY+Z3j7XQkY4Y7RKnM4tPi6E8OkkUmbD3NUeVWV2ObSmgaaZUHIDw==

atob@^2.1.2:
  version "2.1.2"
  resolved "https://registry.yarnpkg.com/atob/-/atob-2.1.2.tgz#6d9517eb9e030d2436666651e86bd9f6f13533c9"
  integrity sha512-Wm6ukoaOGJi/73p/cl2GvLjTI5JM1k/O14isD73YML8StrH/7/lRFgmg8nICZgD3bZZvjwCGxtMOD3wWNAu8cg==

character-entities-legacy@^1.0.0:
  version "1.1.4"
  resolved "https://registry.yarnpkg.com/character-entities-legacy/-/character-entities-legacy-1.1.4.tgz#94bc1845dce70a5bb9d2ecc748725661293d8fc1"
  integrity sha512-3Xnr+7ZFS1uxeiUDvV02wQ+QDbc55o97tIV5zHScSPJpcLm/r0DFPcoY3tYRp+VZukxuMeKgXYmsXQHO05zQeA==

character-entities@^1.0.0:
  version "1.2.4"
  resolved "https://registry.yarnpkg.com/character-entities/-/character-entities-1.2.4.tgz#e12c3939b7eaf4e5b15e7ad4c5e28e1d48c5b16b"
  integrity sha512-iBMyeEHxfVnIakwOuDXpVkc54HijNgCyQB2w0VfGQThle6NXn50zU6V/u+LDhxHcDUPojn6Kpga3PTAD8W1bQw==

character-reference-invalid@^1.0.0:
  version "1.1.4"
  resolved "https://registry.yarnpkg.com/character-reference-invalid/-/character-reference-invalid-1.1.4.tgz#083329cda0eae272ab3dbbf37e9a382c13af1560"
  integrity sha512-mKKUkUbhPpQlCOfIuZkvSEgktjPFIsZKRRbC6KWVEMvlzblj3i3asQv5ODsrwt0N3pHAEvjP8KTQPHkp0+6jOg==

classnames@^2.2.5:
  version "2.5.1"
  resolved "https://registry.yarnpkg.com/classnames/-/classnames-2.5.1.tgz#ba774c614be0f016da105c858e7159eae8e7687b"
  integrity sha512-saHYOzhIQs6wy2sVxTM6bUDsQO4F50V9RQ22qBpEdCW+I+/Wmke2HOl6lS6dTpdxVhb88/I6+Hs+438c3lfUow==

core-js@^3.1.3:
  version "3.39.0"
  resolved "https://registry.yarnpkg.com/core-js/-/core-js-3.39.0.tgz#57f7647f4d2d030c32a72ea23a0555b2eaa30f83"
  integrity sha512-raM0ew0/jJUqkJ0E6e8UDtl+y/7ktFivgWvqw8dNSQeNWoSDLvQ1H/RN3aPXB9tBd4/FhyR4RDPGhsNIMsAn7g==

css@2.2.x:
  version "2.2.4"
  resolved "https://registry.yarnpkg.com/css/-/css-2.2.4.tgz#c646755c73971f2bba6a601e2cf2fd71b1298929"
  integrity sha512-oUnjmWpy0niI3x/mPL8dVEI1l7MnG3+HHyRPHf+YFSbK+svOhXpmSOcDURUh2aOCgl2grzrOPt1nHLuCVFULLw==
  dependencies:
    inherits "^2.0.3"
    source-map "^0.6.1"
    source-map-resolve "^0.5.2"
    urix "^0.1.0"

debug@^4.0.0:
  version "4.3.4"
  resolved "https://registry.yarnpkg.com/debug/-/debug-4.3.4.tgz#1319f6579357f2338d3337d2cdd4914bb5dcc865"
  integrity sha512-PRWFHuSU3eDtQJPvnNY7Jcket1j0t5OuOsFzPPzsekD52Zl8qUfFIPEiswXqIvHWGVHOgX+7G/vCNNhehwxfkQ==
  dependencies:
    ms "2.1.2"

decode-uri-component@^0.2.0:
  version "0.2.2"
  resolved "https://registry.yarnpkg.com/decode-uri-component/-/decode-uri-component-0.2.2.tgz#e69dbe25d37941171dd540e024c444cd5188e1e9"
  integrity sha512-FqUYQ+8o158GyGTrMFJms9qh3CqTKvAqgqsTnkLI8sKu0028orqBhxNMFkFen0zGyg6epACD32pjVk58ngIErQ==

feather-icons@^4.28.0:
  version "4.29.2"
  resolved "https://registry.yarnpkg.com/feather-icons/-/feather-icons-4.29.2.tgz#b03a47588a1c400f215e884504db1c18860d89f8"
  integrity sha512-0TaCFTnBTVCz6U+baY2UJNKne5ifGh7sMG4ZC2LoBWCZdIyPa+y6UiR4lEYGws1JOFWdee8KAsAIvu0VcXqiqA==
  dependencies:
    classnames "^2.2.5"
    core-js "^3.1.3"

handlebars@^4.0.0, handlebars@^4.7.7:
  version "4.7.8"
  resolved "https://registry.yarnpkg.com/handlebars/-/handlebars-4.7.8.tgz#41c42c18b1be2365439188c77c6afae71c0cd9e9"
  integrity sha512-vafaFqs8MZkRrSX7sFVUdo3ap/eNiLnb4IakshzvP56X5Nr1iGKAIqdX6tMlm6HcNRIkr6AxO5jFEoJzzpT8aQ==
  dependencies:
    minimist "^1.2.5"
    neo-async "^2.6.2"
    source-map "^0.6.1"
    wordwrap "^1.0.0"
  optionalDependencies:
    uglify-js "^3.1.4"

inherits@^2.0.3:
  version "2.0.4"
  resolved "https://registry.yarnpkg.com/inherits/-/inherits-2.0.4.tgz#0fa2c64f932917c3433a0ded55363aae37416b7c"
  integrity sha512-k/vGaX4/Yla3WzyMCvTQOXYeIHvqOKtnqBduzTHpzpQZzAskKMhZ2K+EnBiSM9zGSoIFeMpXKxa4dYeZIQqewQ==

is-alphabetical@^1.0.0:
  version "1.0.4"
  resolved "https://registry.yarnpkg.com/is-alphabetical/-/is-alphabetical-1.0.4.tgz#9e7d6b94916be22153745d184c298cbf986a686d"
  integrity sha512-DwzsA04LQ10FHTZuL0/grVDk4rFoVH1pjAToYwBrHSxcrBIGQuXrQMtD5U1b0U2XVgKZCTLLP8u2Qxqhy3l2Vg==

is-alphanumerical@^1.0.0:
  version "1.0.4"
  resolved "https://registry.yarnpkg.com/is-alphanumerical/-/is-alphanumerical-1.0.4.tgz#7eb9a2431f855f6b1ef1a78e326df515696c4dbf"
  integrity sha512-UzoZUr+XfVz3t3v4KyGEniVL9BDRoQtY7tOyrRybkVNjDFWyo1yhXNGrrBTQxp3ib9BLAWs7k2YKBQsFRkZG9A==
  dependencies:
    is-alphabetical "^1.0.0"
    is-decimal "^1.0.0"

is-decimal@^1.0.0:
  version "1.0.4"
  resolved "https://registry.yarnpkg.com/is-decimal/-/is-decimal-1.0.4.tgz#65a3a5958a1c5b63a706e1b333d7cd9f630d3fa5"
  integrity sha512-RGdriMmQQvZ2aqaQq3awNA6dCGtKpiDFcOzrTWrDAT2MiWrKQVPmxLGHl7Y2nNu6led0kEyoX0enY0qXYsv9zw==

is-hexadecimal@^1.0.0:
  version "1.0.4"
  resolved "https://registry.yarnpkg.com/is-hexadecimal/-/is-hexadecimal-1.0.4.tgz#cc35c97588da4bd49a8eedd6bc4082d44dcb23a7"
  integrity sha512-gyPJuv83bHMpocVYoqof5VDiZveEoGoFL8m3BXNb2VW8Xs+rz9kqO8LOQ5DH6EsuvilT1ApazU0pyl+ytbPtlw==

jsonresume-theme-even@^0.23.0:
  version "0.23.0"
  resolved "https://registry.yarnpkg.com/jsonresume-theme-even/-/jsonresume-theme-even-0.23.0.tgz#202aaf3d00cad755fab72c92fff933ecde4012af"
  integrity sha512-LHPtEhxtJsjSqdgHotdO5++XWyVkefibk7ISd94qxXRa0U4c5YeZZUFhpw7DNH2g2uitmi2Pj2B0ydz/swaEyg==
  dependencies:
    "@rbardini/html" "^1.0.0"
    feather-icons "^4.28.0"
    micromark "^2.11.0"
    striptags "^3.2.0"

jsonresume-theme-one@^0.0.1:
  version "0.0.1"
  resolved "https://registry.yarnpkg.com/jsonresume-theme-one/-/jsonresume-theme-one-0.0.1.tgz#4afde81d81506931860f50e6671f7cdd820230b9"
  integrity sha512-uLePylvH6YZZi6Y/PnvaYyDt6I0LoCzF3uhQOAuw+RMeLAcrnK3LyhSq1N6/zNqHdHbR8Di6AVaQW+0gJVnnLg==
  dependencies:
    css "2.2.x"
    handlebars "^4.0.0"

jsonresume-theme-stackoverflow-mats@^2.1.0:
  version "2.1.0"
  resolved "https://registry.yarnpkg.com/jsonresume-theme-stackoverflow-mats/-/jsonresume-theme-stackoverflow-mats-2.1.0.tgz#b1bef5fa668ab72ee7cf83a100f0c2c218f6e262"
  integrity sha512-6HdyRg4PDiCNBrMg431TJJbH/H2CwJf82LY+GGOl8qJ8DBVXtZstrGsM0phtp/P1M4tZJNVxxaz88ePJPKXm2w==
  dependencies:
    handlebars "^4.7.7"
    moment "^2.29.2"

jsonschema@^1.4.1:
  version "1.4.1"
  resolved "https://registry.yarnpkg.com/jsonschema/-/jsonschema-1.4.1.tgz#cc4c3f0077fb4542982973d8a083b6b34f482dab"
  integrity sha512-S6cATIPVv1z0IlxdN+zUk5EPjkGCdnhN4wVSBlvoUO1tOLJootbo9CquNJmbIh4yikWHiUedhRYrNPn1arpEmQ==

micromark@^2.11.0:
  version "2.11.4"
  resolved "https://registry.yarnpkg.com/micromark/-/micromark-2.11.4.tgz#d13436138eea826383e822449c9a5c50ee44665a"
  integrity sha512-+WoovN/ppKolQOFIAajxi7Lu9kInbPxFuTBVEavFcL8eAfVstoc5MocPmqBeAdBOJV00uaVjegzH4+MA0DN/uA==
  dependencies:
    debug "^4.0.0"
    parse-entities "^2.0.0"

minimist@^1.2.5:
  version "1.2.8"
  resolved "https://registry.yarnpkg.com/minimist/-/minimist-1.2.8.tgz#c1a464e7693302e082a075cee0c057741ac4772c"
  integrity sha512-2yyAR8qBkN3YuheJanUpWC5U3bb5osDywNB8RzDVlDwDHbocAJveqqj1u8+SVD7jkWT4yvsHCpWqqWqAxb0zCA==

moment@^2.29.2:
  version "2.30.1"
  resolved "https://registry.yarnpkg.com/moment/-/moment-2.30.1.tgz#f8c91c07b7a786e30c59926df530b4eac96974ae"
  integrity sha512-uEmtNhbDOrWPFS+hdjFCBfy9f2YoyzRpwcl+DqpC6taX21FzsTLQVbMV/W7PzNSX6x/bhC1zA3c2UQ5NzH6how==

mri@^1.1.0:
  version "1.2.0"
  resolved "https://registry.yarnpkg.com/mri/-/mri-1.2.0.tgz#6721480fec2a11a4889861115a48b6cbe7cc8f0b"
  integrity sha512-tzzskb3bG8LvYGFF/mDTpq3jpI6Q9wc3LEmBaghu+DdCssd1FakN7Bc0hVNmEyGq1bq3RgfkCb3cmQLpNPOroA==

ms@2.1.2:
  version "2.1.2"
  resolved "https://registry.yarnpkg.com/ms/-/ms-2.1.2.tgz#d09d1f357b443f493382a8eb3ccd183872ae6009"
  integrity sha512-sGkPx+VjMtmA6MX27oA4FBFELFCZZ4S4XqeGOXCv68tT+jb3vk/RyaKWP0PTKyWtmLSM0b+adUTEvbs1PEaH2w==

neo-async@^2.6.2:
  version "2.6.2"
  resolved "https://registry.yarnpkg.com/neo-async/-/neo-async-2.6.2.tgz#b4aafb93e3aeb2d8174ca53cf163ab7d7308305f"
  integrity sha512-Yd3UES5mWCSqR+qNT93S3UoYUkqAZ9lLg8a7g9rimsWmYGK8cVToA4/sF3RrshdyV3sAGMXVUmpMYOw+dLpOuw==

parse-entities@^2.0.0:
  version "2.0.0"
  resolved "https://registry.yarnpkg.com/parse-entities/-/parse-entities-2.0.0.tgz#53c6eb5b9314a1f4ec99fa0fdf7ce01ecda0cbe8"
  integrity sha512-kkywGpCcRYhqQIchaWqZ875wzpS/bMKhz5HnN3p7wveJTkTtyAB/AlnS0f8DFSqYW1T82t6yEAkEcB+A1I3MbQ==
  dependencies:
    character-entities "^1.0.0"
    character-entities-legacy "^1.0.0"
    character-reference-invalid "^1.0.0"
    is-alphanumerical "^1.0.0"
    is-decimal "^1.0.0"
    is-hexadecimal "^1.0.0"

resolve-url@^0.2.1:
  version "0.2.1"
  resolved "https://registry.yarnpkg.com/resolve-url/-/resolve-url-0.2.1.tgz#2c637fe77c893afd2a663fe21aa9080068e2052a"
  integrity sha512-ZuF55hVUQaaczgOIwqWzkEcEidmlD/xl44x1UZnhOXcYuFN2S6+rcxpG+C1N3So0wvNI3DmJICUFfu2SxhBmvg==

resumed@^4.0.0:
  version "4.0.0"
  resolved "https://registry.yarnpkg.com/resumed/-/resumed-4.0.0.tgz#331a4465f394293e999eb1c0bf0607a4a0d8e8ee"
  integrity sha512-K7offFV1MbTgcmv5J8rQBZoOMqfLZ7jRgSOTYhvXz2FBmKI5KNKl6HbeRDxLjr0p0nuuczBdzgegqULPYOn4Zw==
  dependencies:
    "@jsonresume/schema" "^1.0.0"
    sade "^1.7.0"
    yoctocolors "^2.0.0"

sade@^1.7.0:
  version "1.8.1"
  resolved "https://registry.yarnpkg.com/sade/-/sade-1.8.1.tgz#0a78e81d658d394887be57d2a409bf703a3b2701"
  integrity sha512-xal3CZX1Xlo/k4ApwCFrHVACi9fBqJ7V+mwhBsuf/1IOKbBy098Fex+Wa/5QMubw09pSZ/u8EY8PWgevJsXp1A==
  dependencies:
    mri "^1.1.0"

source-map-resolve@^0.5.2:
  version "0.5.3"
  resolved "https://registry.yarnpkg.com/source-map-resolve/-/source-map-resolve-0.5.3.tgz#190866bece7553e1f8f267a2ee82c606b5509a1a"
  integrity sha512-Htz+RnsXWk5+P2slx5Jh3Q66vhQj1Cllm0zvnaY98+NFx+Dv2CF/f5O/t8x+KaNdrdIAsruNzoh/KpialbqAnw==
  dependencies:
    atob "^2.1.2"
    decode-uri-component "^0.2.0"
    resolve-url "^0.2.1"
    source-map-url "^0.4.0"
    urix "^0.1.0"

source-map-url@^0.4.0:
  version "0.4.1"
  resolved "https://registry.yarnpkg.com/source-map-url/-/source-map-url-0.4.1.tgz#0af66605a745a5a2f91cf1bbf8a7afbc283dec56"
  integrity sha512-cPiFOTLUKvJFIg4SKVScy4ilPPW6rFgMgfuZJPNoDuMs3nC1HbMUycBoJw77xFIp6z1UJQJOfx6C9GMH80DiTw==

source-map@^0.6.1:
  version "0.6.1"
  resolved "https://registry.yarnpkg.com/source-map/-/source-map-0.6.1.tgz#74722af32e9614e9c287a8d0bbde48b5e2f1a263"
  integrity sha512-UjgapumWlbMhkBgzT7Ykc5YXUT46F0iKu8SGXq0bcwP5dz/h0Plj6enJqjz1Zbq2l5WaqYnrVbwWOWMyF3F47g==

striptags@^3.2.0:
  version "3.2.0"
  resolved "https://registry.yarnpkg.com/striptags/-/striptags-3.2.0.tgz#cc74a137db2de8b0b9a370006334161f7dd67052"
  integrity sha512-g45ZOGzHDMe2bdYMdIvdAfCQkCTDMGBazSw1ypMowwGIee7ZQ5dU0rBJ8Jqgl+jAKIv4dbeE1jscZq9wid1Tkw==

uglify-js@^3.1.4:
  version "3.17.4"
  resolved "https://registry.yarnpkg.com/uglify-js/-/uglify-js-3.17.4.tgz#61678cf5fa3f5b7eb789bb345df29afb8257c22c"
  integrity sha512-T9q82TJI9e/C1TAxYvfb16xO120tMVFZrGA3f9/P4424DNu6ypK103y0GPFVa17yotwSyZW5iYXgjYHkGrJW/g==

urix@^0.1.0:
  version "0.1.0"
  resolved "https://registry.yarnpkg.com/urix/-/urix-0.1.0.tgz#da937f7a62e21fec1fd18d49b35c2935067a6c72"
  integrity sha512-Am1ousAhSLBeB9cG/7k7r2R0zj50uDRlZHPGbazid5s9rlF1F/QKYObEKSIunSjIOkJZqwRRLpvewjEkM7pSqg==

wordwrap@^1.0.0:
  version "1.0.0"
  resolved "https://registry.yarnpkg.com/wordwrap/-/wordwrap-1.0.0.tgz#27584810891456a4171c8d0226441ade90cbcaeb"
  integrity sha512-gvVzJFlPycKc5dZN4yPkP8w7Dc37BtP1yczEneOb4uq34pXZcvrtRTmWV8W+Ume+XCxKgbjM+nevkyFPMybd4Q==

yoctocolors@^2.0.0:
  version "2.1.1"
  resolved "https://registry.yarnpkg.com/yoctocolors/-/yoctocolors-2.1.1.tgz#e0167474e9fbb9e8b3ecca738deaa61dd12e56fc"
  integrity sha512-GQHQqAopRhwU8Kt1DDM8NjibDXHC8eoh1erhGAJPEyveY9qqVeXvVikNKrDz69sHowPMorbPUrH/mx8c50eiBQ==
